<?xml version="1.0" encoding="utf-8"?>
<Project ToolsVersion="4.0" xmlns="http://schemas.microsoft.com/developer/msbuild/2003">
  <ItemGroup>
    <ClCompile Include="FireStarter\CUDACompile.cpp">
      <Filter>Source Files</Filter>
    </ClCompile>
    <ClCompile Include="FireStarter\FireStarter.cpp">
      <Filter>Source Files</Filter>
    </ClCompile>
    <ClCompile Include="FireStarter\FireStarterComplete.cpp">
      <Filter>Source Files</Filter>
    </ClCompile>
    <ClCompile Include="FireStarter\FireStarterExecute.cpp">
      <Filter>Source Files</Filter>
    </ClCompile>
    <ClCompile Include="FireStarter\FireStarterGenerate.cpp">
      <Filter>Source Files</Filter>
    </ClCompile>
    <ClCompile Include="FireStarter\FireStarterMain.cpp">
      <Filter>Source Files</Filter>
    </ClCompile>
    <ClCompile Include="FireStarter\FireStarterShow.cpp">
      <Filter>Source Files</Filter>
    </ClCompile>
    <ClCompile Include="FireStarter\FireStarterSource.cpp">
      <Filter>Source Files</Filter>
    </ClCompile>
    <ClCompile Include="FireStarter\FireStarterState.cpp">
      <Filter>Source Files</Filter>
    </ClCompile>
    <ClCompile Include="FireStarter\FireStarterStream.cpp">
      <Filter>Source Files</Filter>
    </ClCompile>
    <ClCompile Include="FireStarter\MoneyMakerStocks.cpp">
      <Filter>Source Files</Filter>
    </ClCompile>
  </ItemGroup>
  <ItemGroup>
    <ClInclude Include="FireStarter\cnprintf.h">
      <Filter>Header Files</Filter>
    </ClInclude>
    <ClInclude Include="FireStarter\CUDACompile.h">
      <Filter>Header Files</Filter>
    </ClInclude>
    <ClInclude Include="FireStarter\CUDAContext.h">
      <Filter>Header Files</Filter>
    </ClInclude>
    <ClInclude Include="FireStarter\CUDADefines.h">
      <Filter>Header Files</Filter>
    </ClInclude>
    <ClInclude Include="FireStarter\CUDAErrors.h">
      <Filter>Header Files</Filter>
    </ClInclude>
    <ClInclude Include="FireStarter\CUDAThread.h">
      <Filter>Header Files</Filter>
    </ClInclude>
    <ClInclude Include="FireStarter\FireStarter.h">
      <Filter>Header Files</Filter>
    </ClInclude>
    <ClInclude Include="FireStarter\FireStarter_LoadState.h">
      <Filter>Header Files</Filter>
    </ClInclude>
    <ClInclude Include="FireStarter\FireStarter_Solution.h">
      <Filter>Header Files</Filter>
    </ClInclude>
    <ClInclude Include="FireStarter\FireStarterCodeGenerate.h">
      <Filter>Header Files</Filter>
    </ClInclude>
    <ClInclude Include="FireStarter\FireStarterComplete.h">
      <Filter>Header Files</Filter>
    </ClInclude>
    <ClInclude Include="FireStarter\FireStarterExecute.h">
      <Filter>Header Files</Filter>
    </ClInclude>
    <ClInclude Include="FireStarter\FireStarterGenerate.h">
      <Filter>Header Files</Filter>
    </ClInclude>
    <ClInclude Include="FireStarter\FireStarterResults.h">
      <Filter>Header Files</Filter>
    </ClInclude>
    <ClInclude Include="FireStarter\FireStarterShow.h">
      <Filter>Header Files</Filter>
    </ClInclude>
    <ClInclude Include="FireStarter\FireStarterSettings.h">
      <Filter>Header Files</Filter>
    </ClInclude>
    <ClInclude Include="FireStarter\FireStarterSource.h">
      <Filter>Header Files</Filter>
    </ClInclude>
    <ClInclude Include="FireStarter\FireStarterState.h">
      <Filter>Header Files</Filter>
    </ClInclude>
    <ClInclude Include="FireStarter\FireStarterStream.h">
      <Filter>Header Files</Filter>
    </ClInclude>
    <ClInclude Include="FireStarter\FireStarterTarget.h">
      <Filter>Header Files</Filter>
    </ClInclude>
    <ClInclude Include="FireStarter\FireStarterUtil.h">
      <Filter>Header Files</Filter>
    </ClInclude>
    <ClInclude Include="FireStarter\FireStarterWindow.h">
      <Filter>Header Files</Filter>
    </ClInclude>
    <ClInclude Include="FireStarter\Format.h">
      <Filter>Header Files</Filter>
    </ClInclude>
    <ClInclude Include="FireStarter\HashRandom.h">
      <Filter>Header Files</Filter>
    </ClInclude>
    <ClInclude Include="FireStarter\PrintF.h">
      <Filter>Header Files</Filter>
    </ClInclude>
    <ClInclude Include="FireStarter\SerialThread.h">
      <Filter>Header Files</Filter>
    </ClInclude>
    <ClInclude Include="FireStarter\SimpleTimer.h">
      <Filter>Header Files</Filter>
    </ClInclude>
    <ClInclude Include="FireStarter\FireSinSim.h">
      <Filter>Header Files</Filter>
    </ClInclude>
    <ClInclude Include="FireStarter\MoneyMakerStocks.h">
      <Filter>Header Files</Filter>
    </ClInclude>
    <ClInclude Include="FireStarter\FireMoneyMaker.h">
      <Filter>Header Files</Filter>
    </ClInclude>
    <ClInclude Include="FireStarter\FireStarter_MoneyMakerSolution.h">
      <Filter>Header Files</Filter>
    </ClInclude>
    <ClInclude Include="FireStarter\Sin.h">
      <Filter>Header Files</Filter>
    </ClInclude>
    <ClInclude Include="FireStarter\CUDAModule.h">
      <Filter>Header Files</Filter>
    </ClInclude>
    <ClInclude Include="FireStarter\FireStarterModes.h">
      <Filter>Header Files</Filter>
    </ClInclude>
  </ItemGroup>
  <ItemGroup>
    <None Include="FireStarter\FireEvolverNew.cu">
      <Filter>CUDA Files</Filter>
    </None>
    <None Include="FireStarter\FireEvolverSinSim.cu">
      <Filter>CUDA Files</Filter>
    </None>
    <None Include="FireStarter\FireOptimizer.cu">
      <Filter>CUDA Files</Filter>
    </None>
    <None Include="FireStarter\FireSinSim.cu">
      <Filter>CUDA Files</Filter>
    </None>
    <None Include="FireStarter\FireSpeedTest.cu">
      <Filter>CUDA Files</Filter>
    </None>
    <None Include="FireStarter\FireMoneyMaker.cu">
      <Filter>CUDA Files</Filter>
    </None>
    <None Include="FireStarter\FireMoneyOptimizer.cu">
      <Filter>CUDA Files</Filter>
    </None>
    <None Include="FireStarter\FireEvolverGPU.cu">
      <Filter>CUDA Files</Filter>
    </None>
    <None Include="FireStarter\FireSelect.cu">
      <Filter>CUDA Files</Filter>
    </None>
  </ItemGroup>
  <ItemGroup>
    <Filter Include="Source Files">
      <UniqueIdentifier>{51923433-ce81-4db5-8137-4c97e5e6b4bd}</UniqueIdentifier>
    </Filter>
    <Filter Include="Header Files">
      <UniqueIdentifier>{b298519c-9efa-41e1-b9f2-85ca28a81a1b}</UniqueIdentifier>
    </Filter>
    <Filter Include="CUDA Files">
      <UniqueIdentifier>{42444f76-d05b-4128-908d-a024dd2ef602}</UniqueIdentifier>
    </Filter>
  </ItemGroup>
</Project>