
Microsoft Visual Studio Solution File, Format Version 12.00
# Visual Studio Version 18
VisualStudioVersion = 18.0.35000.0
MinimumVisualStudioVersion = 10.0.40219.1
Project("{8BC9CEB8-8B4A-11D0-8D11-00A0C91BC942}") = "FireStarter", "FireStarter.vcxproj", "{6708E3B9-F600-497C-BE05-C31DBDF286FB}"
EndProject
Global
	GlobalSection(SolutionConfigurationPlatforms) = preSolution
		Evolve_CPU_Debug|x64 = Evolve_CPU_Debug|x64
		Evolve_CPU_Release|x64 = Evolve_CPU_Release|x64
		Evolve_GPU_Debug|x64 = Evolve_GPU_Debug|x64
		Evolve_GPU_Release|x64 = Evolve_GPU_Release|x64
		Evolve_MoneyMaker_Debug|x64 = Evolve_MoneyMaker_Debug|x64
		Evolve_MoneyMaker_Release|x64 = Evolve_MoneyMaker_Release|x64
		Evolve_New_Debug|x64 = Evolve_New_Debug|x64
		Evolve_New_Release|x64 = Evolve_New_Release|x64
		Evolve_SinSim_Debug|x64 = Evolve_SinSim_Debug|x64
		Evolve_SinSim_Release|x64 = Evolve_SinSim_Release|x64
		Evolve_Speed_Test_Debug|x64 = Evolve_Speed_Test_Debug|x64
		Evolve_Speed_Test_Release|x64 = Evolve_Speed_Test_Release|x64
		Random_Debug|x64 = Random_Debug|x64
		Random_Release|x64 = Random_Release|x64
		Select_Debug|x64 = Select_Debug|x64
		Select_Release|x64 = Select_Release|x64
		Solution_Debug|x64 = Solution_Debug|x64
		Solution_Release|x64 = Solution_Release|x64
	EndGlobalSection
	GlobalSection(ProjectConfigurationPlatforms) = postSolution
		{6708E3B9-F600-497C-BE05-C31DBDF286FB}.Evolve_CPU_Debug|x64.ActiveCfg = Evolve_CPU_Debug|x64
		{6708E3B9-F600-497C-BE05-C31DBDF286FB}.Evolve_CPU_Debug|x64.Build.0 = Evolve_CPU_Debug|x64
		{6708E3B9-F600-497C-BE05-C31DBDF286FB}.Evolve_CPU_Release|x64.ActiveCfg = Evolve_CPU_Release|x64
		{6708E3B9-F600-497C-BE05-C31DBDF286FB}.Evolve_CPU_Release|x64.Build.0 = Evolve_CPU_Release|x64
		{6708E3B9-F600-497C-BE05-C31DBDF286FB}.Evolve_GPU_Debug|x64.ActiveCfg = Evolve_GPU_Debug|x64
		{6708E3B9-F600-497C-BE05-C31DBDF286FB}.Evolve_GPU_Debug|x64.Build.0 = Evolve_GPU_Debug|x64
		{6708E3B9-F600-497C-BE05-C31DBDF286FB}.Evolve_GPU_Release|x64.ActiveCfg = Evolve_GPU_Release|x64
		{6708E3B9-F600-497C-BE05-C31DBDF286FB}.Evolve_GPU_Release|x64.Build.0 = Evolve_GPU_Release|x64
		{6708E3B9-F600-497C-BE05-C31DBDF286FB}.Evolve_MoneyMaker_Debug|x64.ActiveCfg = Evolve_MoneyMaker_Debug|x64
		{6708E3B9-F600-497C-BE05-C31DBDF286FB}.Evolve_MoneyMaker_Debug|x64.Build.0 = Evolve_MoneyMaker_Debug|x64
		{6708E3B9-F600-497C-BE05-C31DBDF286FB}.Evolve_MoneyMaker_Release|x64.ActiveCfg = Evolve_MoneyMaker_Release|x64
		{6708E3B9-F600-497C-BE05-C31DBDF286FB}.Evolve_MoneyMaker_Release|x64.Build.0 = Evolve_MoneyMaker_Release|x64
		{6708E3B9-F600-497C-BE05-C31DBDF286FB}.Evolve_New_Debug|x64.ActiveCfg = Evolve_New_Debug|x64
		{6708E3B9-F600-497C-BE05-C31DBDF286FB}.Evolve_New_Debug|x64.Build.0 = Evolve_New_Debug|x64
		{6708E3B9-F600-497C-BE05-C31DBDF286FB}.Evolve_New_Release|x64.ActiveCfg = Evolve_New_Release|x64
		{6708E3B9-F600-497C-BE05-C31DBDF286FB}.Evolve_New_Release|x64.Build.0 = Evolve_New_Release|x64
		{6708E3B9-F600-497C-BE05-C31DBDF286FB}.Evolve_SinSim_Debug|x64.ActiveCfg = Evolve_SinSim_Debug|x64
		{6708E3B9-F600-497C-BE05-C31DBDF286FB}.Evolve_SinSim_Debug|x64.Build.0 = Evolve_SinSim_Debug|x64
		{6708E3B9-F600-497C-BE05-C31DBDF286FB}.Evolve_SinSim_Release|x64.ActiveCfg = Evolve_SinSim_Release|x64
		{6708E3B9-F600-497C-BE05-C31DBDF286FB}.Evolve_SinSim_Release|x64.Build.0 = Evolve_SinSim_Release|x64
		{6708E3B9-F600-497C-BE05-C31DBDF286FB}.Evolve_Speed_Test_Debug|x64.ActiveCfg = Evolve_Speed_Test_Debug|x64
		{6708E3B9-F600-497C-BE05-C31DBDF286FB}.Evolve_Speed_Test_Debug|x64.Build.0 = Evolve_Speed_Test_Debug|x64
		{6708E3B9-F600-497C-BE05-C31DBDF286FB}.Evolve_Speed_Test_Release|x64.ActiveCfg = Evolve_Speed_Test_Release|x64
		{6708E3B9-F600-497C-BE05-C31DBDF286FB}.Evolve_Speed_Test_Release|x64.Build.0 = Evolve_Speed_Test_Release|x64
		{6708E3B9-F600-497C-BE05-C31DBDF286FB}.Random_Debug|x64.ActiveCfg = Random_Debug|x64
		{6708E3B9-F600-497C-BE05-C31DBDF286FB}.Random_Debug|x64.Build.0 = Random_Debug|x64
		{6708E3B9-F600-497C-BE05-C31DBDF286FB}.Random_Release|x64.ActiveCfg = Random_Release|x64
		{6708E3B9-F600-497C-BE05-C31DBDF286FB}.Random_Release|x64.Build.0 = Random_Release|x64
		{6708E3B9-F600-497C-BE05-C31DBDF286FB}.Select_Debug|x64.ActiveCfg = Select_Debug|x64
		{6708E3B9-F600-497C-BE05-C31DBDF286FB}.Select_Debug|x64.Build.0 = Select_Debug|x64
		{6708E3B9-F600-497C-BE05-C31DBDF286FB}.Select_Release|x64.ActiveCfg = Select_Release|x64
		{6708E3B9-F600-497C-BE05-C31DBDF286FB}.Select_Release|x64.Build.0 = Select_Release|x64
		{6708E3B9-F600-497C-BE05-C31DBDF286FB}.Solution_Debug|x64.ActiveCfg = Solution_Debug|x64
		{6708E3B9-F600-497C-BE05-C31DBDF286FB}.Solution_Debug|x64.Build.0 = Solution_Debug|x64
		{6708E3B9-F600-497C-BE05-C31DBDF286FB}.Solution_Release|x64.ActiveCfg = Solution_Release|x64
		{6708E3B9-F600-497C-BE05-C31DBDF286FB}.Solution_Release|x64.Build.0 = Solution_Release|x64
	EndGlobalSection
	GlobalSection(SolutionProperties) = preSolution
		HideSolutionNode = FALSE
	EndGlobalSection
	GlobalSection(ExtensibilityGlobals) = postSolution
		SolutionGuid = {49AEE9C0-1424-4743-91FC-86AF9C223CB3}
	EndGlobalSection
EndGlobal
