<?xml version="1.0" encoding="utf-8"?>
<Project ToolsVersion="4.0" xmlns="http://schemas.microsoft.com/developer/msbuild/2003">
  <ItemGroup>
    <ClCompile Include="FireStarter\CUDACompile.cpp">
      <Filter>Source FIles</Filter>
    </ClCompile>
    <ClCompile Include="FireCompiler\FireCompiler.cpp">
      <Filter>Source FIles</Filter>
    </ClCompile>
    <ClCompile Include="FireCompiler\FireCompilerMain.cpp">
      <Filter>Source FIles</Filter>
    </ClCompile>
    <ClCompile Include="FireStarter\FireStarterCompile.cpp">
      <Filter>Source FIles</Filter>
    </ClCompile>
    <ClCompile Include="FireStarter\FireStarterManager.cpp">
      <Filter>Source FIles</Filter>
    </ClCompile>
    <ClCompile Include="FireStarter\FireStarterProcess.cpp">
      <Filter>Source FIles</Filter>
    </ClCompile>
    <ClCompile Include="FireStarter\FireStarterState.cpp">
      <Filter>Source FIles</Filter>
    </ClCompile>
  </ItemGroup>
  <ItemGroup>
    <ClInclude Include="FireStarter\CUDACompile.h">
      <Filter>Header Files</Filter>
    </ClInclude>
    <ClInclude Include="Distribution\CUDADefines.h">
      <Filter>Header Files</Filter>
    </ClInclude>
    <ClInclude Include="FireStarter\CUDAErrors.h">
      <Filter>Header Files</Filter>
    </ClInclude>
    <ClInclude Include="FireCompiler\FireCompiler.h">
      <Filter>Header Files</Filter>
    </ClInclude>
    <ClInclude Include="FireStarter\FireStarterCompile.h">
      <Filter>Header Files</Filter>
    </ClInclude>
    <ClInclude Include="FireStarter\FireStarterManager.h">
      <Filter>Header Files</Filter>
    </ClInclude>
    <ClInclude Include="FireStarter\FireStarterProcess.h">
      <Filter>Header Files</Filter>
    </ClInclude>
    <ClInclude Include="FireStarter\PrintF.h">
      <Filter>Header Files</Filter>
    </ClInclude>
    <ClInclude Include="FireStarter\SerialThread.h">
      <Filter>Header Files</Filter>
    </ClInclude>
  </ItemGroup>
  <ItemGroup>
    <Filter Include="Source FIles">
      <UniqueIdentifier>{13c50542-2996-4547-ae3f-0455cc53654b}</UniqueIdentifier>
    </Filter>
    <Filter Include="Header Files">
      <UniqueIdentifier>{ccc113d4-1037-4def-ad66-93c67381ac55}</UniqueIdentifier>
    </Filter>
  </ItemGroup>
</Project>