<?xml version="1.0" encoding="utf-8"?>
<Project ToolsVersion="4.0" xmlns="http://schemas.microsoft.com/developer/msbuild/2003">
  <ItemGroup>
    <ClCompile Include="FireStarter\CUDACompile.cpp">
      <Filter>Source Files</Filter>
    </ClCompile>
    <ClCompile Include="FireStarter\FireStarter.cpp">
      <Filter>Source Files</Filter>
    </ClCompile>
    <ClCompile Include="FireStarter\FireStarterBuildSettings.cpp">
      <Filter>Source Files</Filter>
    </ClCompile>
    <ClCompile Include="FireStarter\FireStarterCompile.cpp">
      <Filter>Source Files</Filter>
    </ClCompile>
    <ClCompile Include="FireStarter\FireStarterComplete.cpp">
      <Filter>Source Files</Filter>
    </ClCompile>
    <ClCompile Include="FireStarter\FireStarterEvolve.cpp">
      <Filter>Source Files</Filter>
    </ClCompile>
    <ClCompile Include="FireStarter\FireStarterExecute.cpp">
      <Filter>Source Files</Filter>
    </ClCompile>
    <ClCompile Include="FireStarter\FireStarterGenerate.cpp">
      <Filter>Source Files</Filter>
    </ClCompile>
    <ClCompile Include="FireStarter\FireStarterMain.cpp">
      <Filter>Source Files</Filter>
    </ClCompile>
    <ClCompile Include="FireStarter\FireStarterManager.cpp">
      <Filter>Source Files</Filter>
    </ClCompile>
    <ClCompile Include="FireStarter\FireStarterProcess.cpp">
      <Filter>Source Files</Filter>
    </ClCompile>
    <ClCompile Include="FireStarter\FireStarterShow.cpp">
      <Filter>Source Files</Filter>
    </ClCompile>
    <ClCompile Include="FireStarter\FireStarterSource.cpp">
      <Filter>Source Files</Filter>
    </ClCompile>
    <ClCompile Include="FireStarter\FireStarterState.cpp">
      <Filter>Source Files</Filter>
    </ClCompile>
    <ClCompile Include="FireStarter\FireStarterStream.cpp">
      <Filter>Source Files</Filter>
    </ClCompile>
  </ItemGroup>
  <ItemGroup>
    <ClInclude Include="Distribution\Checksum.h">
      <Filter>Header Files</Filter>
    </ClInclude>
    <ClInclude Include="Distribution\cnprintf.h">
      <Filter>Header Files</Filter>
    </ClInclude>
    <ClInclude Include="FireStarter\CUDACompile.h">
      <Filter>Header Files</Filter>
    </ClInclude>
    <ClInclude Include="FireStarter\CUDAContext.h">
      <Filter>Header Files</Filter>
    </ClInclude>
    <ClInclude Include="Distribution\CUDADefines.h">
      <Filter>Header Files</Filter>
    </ClInclude>
    <ClInclude Include="FireStarter\CUDAErrors.h">
      <Filter>Header Files</Filter>
    </ClInclude>
    <ClInclude Include="FireStarter\CUDAThread.h">
      <Filter>Header Files</Filter>
    </ClInclude>
    <ClInclude Include="FireStarter\FireStarter.h">
      <Filter>Header Files</Filter>
    </ClInclude>
    <ClInclude Include="Distribution\FireStarter_LoadState.h">
      <Filter>Header Files</Filter>
    </ClInclude>
    <ClInclude Include="Distribution\FireStarter_Solution.h">
      <Filter>Header Files</Filter>
    </ClInclude>
    <ClInclude Include="FireStarter\FireStarterBuildSettings.h">
      <Filter>Header Files</Filter>
    </ClInclude>
    <ClInclude Include="Distribution\FireStarterCodeGenerate.h">
      <Filter>Header Files</Filter>
    </ClInclude>
    <ClInclude Include="FireStarter\FireStarterCompile.h">
      <Filter>Header Files</Filter>
    </ClInclude>
    <ClInclude Include="FireStarter\FireStarterComplete.h">
      <Filter>Header Files</Filter>
    </ClInclude>
    <ClInclude Include="FireStarter\FireStarterEvolve.h">
      <Filter>Header Files</Filter>
    </ClInclude>
    <ClInclude Include="FireStarter\FireStarterExecute.h">
      <Filter>Header Files</Filter>
    </ClInclude>
    <ClInclude Include="FireStarter\FireStarterGenerate.h">
      <Filter>Header Files</Filter>
    </ClInclude>
    <ClInclude Include="FireStarter\FireStarterManager.h">
      <Filter>Header Files</Filter>
    </ClInclude>
    <ClInclude Include="FireStarter\FireStarterProcess.h">
      <Filter>Header Files</Filter>
    </ClInclude>
    <ClInclude Include="Distribution\FireStarterResults.h">
      <Filter>Header Files</Filter>
    </ClInclude>
    <ClInclude Include="FireStarter\FireStarterShow.h">
      <Filter>Header Files</Filter>
    </ClInclude>
    <ClInclude Include="Distribution\FireStarterSettings.h">
      <Filter>Header Files</Filter>
    </ClInclude>
    <ClInclude Include="FireStarter\FireStarterSource.h">
      <Filter>Header Files</Filter>
    </ClInclude>
    <ClInclude Include="FireStarter\FireStarterState.h">
      <Filter>Header Files</Filter>
    </ClInclude>
    <ClInclude Include="FireStarter\FireStarterStream.h">
      <Filter>Header Files</Filter>
    </ClInclude>
    <ClInclude Include="Distribution\FireStarterTarget.h">
      <Filter>Header Files</Filter>
    </ClInclude>
    <ClInclude Include="FireStarter\FireStarterUtil.h">
      <Filter>Header Files</Filter>
    </ClInclude>
    <ClInclude Include="FireStarter\FireStarterWindow.h">
      <Filter>Header Files</Filter>
    </ClInclude>
    <ClInclude Include="FireStarter\Format.h">
      <Filter>Header Files</Filter>
    </ClInclude>
    <ClInclude Include="Distribution\HashRandom.h">
      <Filter>Header Files</Filter>
    </ClInclude>
    <ClInclude Include="FireStarter\PrintF.h">
      <Filter>Header Files</Filter>
    </ClInclude>
    <ClInclude Include="FireStarter\SerialOutput.h">
      <Filter>Header Files</Filter>
    </ClInclude>
    <ClInclude Include="FireStarter\SerialThread.h">
      <Filter>Header Files</Filter>
    </ClInclude>
    <ClInclude Include="FireStarter\SimpleOutput.h">
      <Filter>Header Files</Filter>
    </ClInclude>
    <ClInclude Include="FireStarter\SimpleTimer.h">
      <Filter>Header Files</Filter>
    </ClInclude>
    <ClInclude Include="Distribution\FireSinSim.h">
      <Filter>Header Files</Filter>
    </ClInclude>
  </ItemGroup>
  <ItemGroup>
    <None Include="Distribution\FireEvolver.cu">
      <Filter>CUDA Files</Filter>
    </None>
    <None Include="Distribution\FireEvolverNew.cu">
      <Filter>CUDA Files</Filter>
    </None>
    <None Include="Distribution\FireEvolverSinSim.cu">
      <Filter>CUDA Files</Filter>
    </None>
    <None Include="Distribution\FireGenerate.cu">
      <Filter>CUDA Files</Filter>
    </None>
    <None Include="Distribution\FireOptimizer.cu">
      <Filter>CUDA Files</Filter>
    </None>
    <None Include="Distribution\FireSelect.cu">
      <Filter>CUDA Files</Filter>
    </None>
    <None Include="Distribution\FireSettings.cu">
      <Filter>CUDA Files</Filter>
    </None>
    <None Include="Distribution\FireSinSim.cu">
      <Filter>CUDA Files</Filter>
    </None>
    <None Include="Distribution\FireSpeedTest.cu">
      <Filter>CUDA Files</Filter>
    </None>
  </ItemGroup>
  <ItemGroup>
    <Filter Include="Source Files">
      <UniqueIdentifier>{51923433-ce81-4db5-8137-4c97e5e6b4bd}</UniqueIdentifier>
    </Filter>
    <Filter Include="Header Files">
      <UniqueIdentifier>{b298519c-9efa-41e1-b9f2-85ca28a81a1b}</UniqueIdentifier>
    </Filter>
    <Filter Include="CUDA Files">
      <UniqueIdentifier>{42444f76-d05b-4128-908d-a024dd2ef602}</UniqueIdentifier>
    </Filter>
  </ItemGroup>
</Project>